
Microsoft Visual Studio Solution File, Format Version 12.00
# Visual Studio 2013
VisualStudioVersion = 12.0.21005.1
MinimumVisualStudioVersion = 10.0.40219.1
Project("{2150E333-8FDC-42A3-9474-1A3956D46DE8}") = "Core", "Core", "{133972FB-2585-48CA-9E73-B55A3946CA8E}"
EndProject
Project("{2150E333-8FDC-42A3-9474-1A3956D46DE8}") = "Infrastructure", "Infrastructure", "{3DD4F898-DB86-4DB8-A783-B24E5FA5E4E5}"
EndProject
Project("{FAE04EC0-301F-11D3-BF4B-00C04F79EFBC}") = "Cargo.Core.Data", "Cargo.Core.Data\Cargo.Core.Data.csproj", "{D5A2DFAC-0282-4517-B097-8B730C548BD9}"
EndProject
Project("{FAE04EC0-301F-11D3-BF4B-00C04F79EFBC}") = "Cargo.Core.Data.Repository", "Cargo.Core.Data.Repository\Cargo.Core.Data.Repository.csproj", "{0BE16A90-0D5C-4253-9AF6-088AEE64875D}"
EndProject
Project("{FAE04EC0-301F-11D3-BF4B-00C04F79EFBC}") = "CargoApplicationFrame", "CargoApplicationFrame\CargoApplicationFrame.csproj", "{73575D91-4F0D-42F4-AF2B-FF36F827C412}"
EndProject
Project("{FAE04EC0-301F-11D3-BF4B-00C04F79EFBC}") = "Cargo.Component.Tools", "Cargo.Component.Tools\Cargo.Component.Tools.csproj", "{9F696805-F7E9-4E8F-B8B5-549C327C41EB}"
EndProject
Global
	GlobalSection(SolutionConfigurationPlatforms) = preSolution
		Debug|Any CPU = Debug|Any CPU
		Release|Any CPU = Release|Any CPU
	EndGlobalSection
	GlobalSection(ProjectConfigurationPlatforms) = postSolution
		{D5A2DFAC-0282-4517-B097-8B730C548BD9}.Debug|Any CPU.ActiveCfg = Debug|Any CPU
		{D5A2DFAC-0282-4517-B097-8B730C548BD9}.Debug|Any CPU.Build.0 = Debug|Any CPU
		{D5A2DFAC-0282-4517-B097-8B730C548BD9}.Release|Any CPU.ActiveCfg = Release|Any CPU
		{D5A2DFAC-0282-4517-B097-8B730C548BD9}.Release|Any CPU.Build.0 = Release|Any CPU
		{0BE16A90-0D5C-4253-9AF6-088AEE64875D}.Debug|Any CPU.ActiveCfg = Debug|Any CPU
		{0BE16A90-0D5C-4253-9AF6-088AEE64875D}.Debug|Any CPU.Build.0 = Debug|Any CPU
		{0BE16A90-0D5C-4253-9AF6-088AEE64875D}.Release|Any CPU.ActiveCfg = Release|Any CPU
		{0BE16A90-0D5C-4253-9AF6-088AEE64875D}.Release|Any CPU.Build.0 = Release|Any CPU
		{73575D91-4F0D-42F4-AF2B-FF36F827C412}.Debug|Any CPU.ActiveCfg = Debug|Any CPU
		{73575D91-4F0D-42F4-AF2B-FF36F827C412}.Debug|Any CPU.Build.0 = Debug|Any CPU
		{73575D91-4F0D-42F4-AF2B-FF36F827C412}.Release|Any CPU.ActiveCfg = Release|Any CPU
		{73575D91-4F0D-42F4-AF2B-FF36F827C412}.Release|Any CPU.Build.0 = Release|Any CPU
		{9F696805-F7E9-4E8F-B8B5-549C327C41EB}.Debug|Any CPU.ActiveCfg = Debug|Any CPU
		{9F696805-F7E9-4E8F-B8B5-549C327C41EB}.Debug|Any CPU.Build.0 = Debug|Any CPU
		{9F696805-F7E9-4E8F-B8B5-549C327C41EB}.Release|Any CPU.ActiveCfg = Release|Any CPU
		{9F696805-F7E9-4E8F-B8B5-549C327C41EB}.Release|Any CPU.Build.0 = Release|Any CPU
	EndGlobalSection
	GlobalSection(SolutionProperties) = preSolution
		HideSolutionNode = FALSE
	EndGlobalSection
	GlobalSection(NestedProjects) = preSolution
		{D5A2DFAC-0282-4517-B097-8B730C548BD9} = {133972FB-2585-48CA-9E73-B55A3946CA8E}
		{0BE16A90-0D5C-4253-9AF6-088AEE64875D} = {133972FB-2585-48CA-9E73-B55A3946CA8E}
		{9F696805-F7E9-4E8F-B8B5-549C327C41EB} = {3DD4F898-DB86-4DB8-A783-B24E5FA5E4E5}
	EndGlobalSection
EndGlobal
